
Microsoft Visual Studio Solution File, Format Version 12.00
# Visual Studio Version 16
VisualStudioVersion = 16.0.30907.101
MinimumVisualStudioVersion = 10.0.40219.1
Project("{FAE04EC0-301F-11D3-BF4B-00C04F79EFBC}") = "Quilti", "Quilti.csproj", "{FB6FA19A-BB78-4EC9-876D-B1DF860AB9BB}"
EndProject
Global
	GlobalSection(SolutionConfigurationPlatforms) = preSolution
		Debug|Any CPU = Debug|Any CPU
		Release|Any CPU = Release|Any CPU
	EndGlobalSection
	GlobalSection(ProjectConfigurationPlatforms) = postSolution
		{FB6FA19A-BB78-4EC9-876D-B1DF860AB9BB}.Debug|Any CPU.ActiveCfg = Debug|Any CPU
		{FB6FA19A-BB78-4EC9-876D-B1DF860AB9BB}.Debug|Any CPU.Build.0 = Debug|Any CPU
		{FB6FA19A-BB78-4EC9-876D-B1DF860AB9BB}.Release|Any CPU.ActiveCfg = Release|Any CPU
		{FB6FA19A-BB78-4EC9-876D-B1DF860AB9BB}.Release|Any CPU.Build.0 = Release|Any CPU
	EndGlobalSection
	GlobalSection(SolutionProperties) = preSolution
		HideSolutionNode = FALSE
	EndGlobalSection
	GlobalSection(ExtensibilityGlobals) = postSolution
		SolutionGuid = {8776DDF3-F8BB-4D88-A6F1-DDA2D82621D4}
	EndGlobalSection
EndGlobal
